
Microsoft Visual Studio Solution File, Format Version 12.00
# Visual Studio 14
VisualStudioVersion = 14.0.25420.1
MinimumVisualStudioVersion = 10.0.40219.1
Project("{FAE04EC0-301F-11D3-BF4B-00C04F79EFBC}") = "TestDeck_ImageGenerator", "TestDeck_ImageGenerator\TestDeck_ImageGenerator.csproj", "{E85372C0-800E-41D9-8925-C9ECB9CFFF9F}"
EndProject
Project("{FAE04EC0-301F-11D3-BF4B-00C04F79EFBC}") = "MarkedTestDeck_Image", "MarkedTestDeck_Image\MarkedTestDeck_Image.csproj", "{4ACB4927-9D68-45E4-983E-E958B9212F13}"
EndProject
Project("{FAE04EC0-301F-11D3-BF4B-00C04F79EFBC}") = "XYCoordinates", "XYCoordinates\XYCoordinates.csproj", "{035C787D-77C1-4976-8374-B2971B4FC082}"
EndProject
Project("{FAE04EC0-301F-11D3-BF4B-00C04F79EFBC}") = "IVS Customers", "Customer\IVS Customers.csproj", "{2C8BF10A-026D-4DDD-A741-715BF527381B}"
EndProject
Project("{FAE04EC0-301F-11D3-BF4B-00C04F79EFBC}") = "CountyId.DAL", "CountyId.DAL\CountyId.DAL.csproj", "{DBD40469-8F57-44E6-A029-D310A55CCE3A}"
EndProject
Project("{FAE04EC0-301F-11D3-BF4B-00C04F79EFBC}") = "Testdeck_Reports", "Testdeck_Reports\Testdeck_Reports.csproj", "{35D026EF-1045-4D26-AD63-49133DA96328}"
EndProject
Global
	GlobalSection(SolutionConfigurationPlatforms) = preSolution
		Debug|Any CPU = Debug|Any CPU
		Release|Any CPU = Release|Any CPU
	EndGlobalSection
	GlobalSection(ProjectConfigurationPlatforms) = postSolution
		{E85372C0-800E-41D9-8925-C9ECB9CFFF9F}.Debug|Any CPU.ActiveCfg = Debug|Any CPU
		{E85372C0-800E-41D9-8925-C9ECB9CFFF9F}.Debug|Any CPU.Build.0 = Debug|Any CPU
		{E85372C0-800E-41D9-8925-C9ECB9CFFF9F}.Release|Any CPU.ActiveCfg = Release|Any CPU
		{E85372C0-800E-41D9-8925-C9ECB9CFFF9F}.Release|Any CPU.Build.0 = Release|Any CPU
		{4ACB4927-9D68-45E4-983E-E958B9212F13}.Debug|Any CPU.ActiveCfg = Debug|Any CPU
		{4ACB4927-9D68-45E4-983E-E958B9212F13}.Debug|Any CPU.Build.0 = Debug|Any CPU
		{4ACB4927-9D68-45E4-983E-E958B9212F13}.Release|Any CPU.ActiveCfg = Release|Any CPU
		{4ACB4927-9D68-45E4-983E-E958B9212F13}.Release|Any CPU.Build.0 = Release|Any CPU
		{035C787D-77C1-4976-8374-B2971B4FC082}.Debug|Any CPU.ActiveCfg = Debug|Any CPU
		{035C787D-77C1-4976-8374-B2971B4FC082}.Debug|Any CPU.Build.0 = Debug|Any CPU
		{035C787D-77C1-4976-8374-B2971B4FC082}.Release|Any CPU.ActiveCfg = Release|Any CPU
		{035C787D-77C1-4976-8374-B2971B4FC082}.Release|Any CPU.Build.0 = Release|Any CPU
		{2C8BF10A-026D-4DDD-A741-715BF527381B}.Debug|Any CPU.ActiveCfg = Debug|Any CPU
		{2C8BF10A-026D-4DDD-A741-715BF527381B}.Debug|Any CPU.Build.0 = Debug|Any CPU
		{2C8BF10A-026D-4DDD-A741-715BF527381B}.Release|Any CPU.ActiveCfg = Release|Any CPU
		{2C8BF10A-026D-4DDD-A741-715BF527381B}.Release|Any CPU.Build.0 = Release|Any CPU
		{DBD40469-8F57-44E6-A029-D310A55CCE3A}.Debug|Any CPU.ActiveCfg = Debug|Any CPU
		{DBD40469-8F57-44E6-A029-D310A55CCE3A}.Debug|Any CPU.Build.0 = Debug|Any CPU
		{DBD40469-8F57-44E6-A029-D310A55CCE3A}.Release|Any CPU.ActiveCfg = Release|Any CPU
		{DBD40469-8F57-44E6-A029-D310A55CCE3A}.Release|Any CPU.Build.0 = Release|Any CPU
		{35D026EF-1045-4D26-AD63-49133DA96328}.Debug|Any CPU.ActiveCfg = Debug|Any CPU
		{35D026EF-1045-4D26-AD63-49133DA96328}.Debug|Any CPU.Build.0 = Debug|Any CPU
		{35D026EF-1045-4D26-AD63-49133DA96328}.Release|Any CPU.ActiveCfg = Release|Any CPU
		{35D026EF-1045-4D26-AD63-49133DA96328}.Release|Any CPU.Build.0 = Release|Any CPU
	EndGlobalSection
	GlobalSection(SolutionProperties) = preSolution
		HideSolutionNode = FALSE
	EndGlobalSection
EndGlobal
